// !$*UTF8*$!
{
	archiveVersion = 1;
	classes = {
	};
	objectVersion = 55;
	objects = {

/* Begin PBXBuildFile section */
		0CA8BD90289BD3EB0015BB2B /* SetupGithub.strings in Resources */ = {isa = PBXBuildFile; fileRef = 0CA8BD8F289BD3EB0015BB2B /* SetupGithub.strings */; };
		0CACA46A289BC4FE005CDE4F /* AppDelegate.swift in Sources */ = {isa = PBXBuildFile; fileRef = 0CACA469289BC4FE005CDE4F /* AppDelegate.swift */; };
		0CACA46C289BC4FE005CDE4F /* SceneDelegate.swift in Sources */ = {isa = PBXBuildFile; fileRef = 0CACA46B289BC4FE005CDE4F /* SceneDelegate.swift */; };
		0CACA46E289BC4FE005CDE4F /* ViewController.swift in Sources */ = {isa = PBXBuildFile; fileRef = 0CACA46D289BC4FE005CDE4F /* ViewController.swift */; };
		0CACA471289BC4FE005CDE4F /* Main.storyboard in Resources */ = {isa = PBXBuildFile; fileRef = 0CACA46F289BC4FE005CDE4F /* Main.storyboard */; };
		0CACA473289BC500005CDE4F /* Assets.xcassets in Resources */ = {isa = PBXBuildFile; fileRef = 0CACA472289BC500005CDE4F /* Assets.xcassets */; };
		0CACA476289BC500005CDE4F /* LaunchScreen.storyboard in Resources */ = {isa = PBXBuildFile; fileRef = 0CACA474289BC500005CDE4F /* LaunchScreen.storyboard */; };
		0CACA47F289BC526005CDE4F /* CheckLogsVC.swift in Sources */ = {isa = PBXBuildFile; fileRef = 0CACA47E289BC526005CDE4F /* CheckLogsVC.swift */; };
		0CACA483289BC54B005CDE4F /* CustomHigherOrderFunction.swift in Sources */ = {isa = PBXBuildFile; fileRef = 0CACA481289BC54B005CDE4F /* CustomHigherOrderFunction.swift */; };
		0CACA484289BC54B005CDE4F /* HigerOrderFunctions.swift in Sources */ = {isa = PBXBuildFile; fileRef = 0CACA482289BC54B005CDE4F /* HigerOrderFunctions.swift */; };
		0CACA487289BCB83005CDE4F /* CombineObserveVC.swift in Sources */ = {isa = PBXBuildFile; fileRef = 0CACA486289BCB83005CDE4F /* CombineObserveVC.swift */; };
		0CACA48B289BCB8D005CDE4F /* CustomTextFieldController.swift in Sources */ = {isa = PBXBuildFile; fileRef = 0CACA489289BCB8D005CDE4F /* CustomTextFieldController.swift */; };
		0CACA48C289BCB8D005CDE4F /* FirstResponderControl.swift in Sources */ = {isa = PBXBuildFile; fileRef = 0CACA48A289BCB8D005CDE4F /* FirstResponderControl.swift */; };
		0CACA490289BCB95005CDE4F /* OwnView.swift in Sources */ = {isa = PBXBuildFile; fileRef = 0CACA48E289BCB95005CDE4F /* OwnView.swift */; };
		0CACA491289BCB95005CDE4F /* OwnView.xib in Resources */ = {isa = PBXBuildFile; fileRef = 0CACA48F289BCB95005CDE4F /* OwnView.xib */; };
		0CACA497289BCC04005CDE4F /* ClosureSample.swift in Sources */ = {isa = PBXBuildFile; fileRef = 0CACA496289BCC04005CDE4F /* ClosureSample.swift */; };
		0CACA499289BCC10005CDE4F /* ClosureForm.swift in Sources */ = {isa = PBXBuildFile; fileRef = 0CACA498289BCC0F005CDE4F /* ClosureForm.swift */; };
		0CACA49B289BCC36005CDE4F /* InoutSwiftExample.swift in Sources */ = {isa = PBXBuildFile; fileRef = 0CACA49A289BCC36005CDE4F /* InoutSwiftExample.swift */; };
		0CACA49D289BCC3E005CDE4F /* KVO_And_KVC.swift in Sources */ = {isa = PBXBuildFile; fileRef = 0CACA49C289BCC3E005CDE4F /* KVO_And_KVC.swift */; };
		0CACA49F289BCC56005CDE4F /* CodableEncodable.swift in Sources */ = {isa = PBXBuildFile; fileRef = 0CACA49E289BCC56005CDE4F /* CodableEncodable.swift */; };
		0CACA4A1289BCC5D005CDE4F /* ManageTwoClassinSingle.swift in Sources */ = {isa = PBXBuildFile; fileRef = 0CACA4A0289BCC5D005CDE4F /* ManageTwoClassinSingle.swift */; };
		0CACA4A3289BCC67005CDE4F /* SwiftDataStructure.swift in Sources */ = {isa = PBXBuildFile; fileRef = 0CACA4A2289BCC67005CDE4F /* SwiftDataStructure.swift */; };
		0CACA4A5289BCC6D005CDE4F /* KVOinStruct.swift in Sources */ = {isa = PBXBuildFile; fileRef = 0CACA4A4289BCC6D005CDE4F /* KVOinStruct.swift */; };
		0CACA4A7289BCC73005CDE4F /* GenericConstraints.swift in Sources */ = {isa = PBXBuildFile; fileRef = 0CACA4A6289BCC73005CDE4F /* GenericConstraints.swift */; };
		0CACA4A9289BCC79005CDE4F /* DynamicMemberLookup.swift in Sources */ = {isa = PBXBuildFile; fileRef = 0CACA4A8289BCC79005CDE4F /* DynamicMemberLookup.swift */; };
		0CACA4AB289BCC7F005CDE4F /* ManageDifferentData.swift in Sources */ = {isa = PBXBuildFile; fileRef = 0CACA4AA289BCC7F005CDE4F /* ManageDifferentData.swift */; };
		0CACA4AD289BCC94005CDE4F /* Designated_Convenience_Class.swift in Sources */ = {isa = PBXBuildFile; fileRef = 0CACA4AC289BCC94005CDE4F /* Designated_Convenience_Class.swift */; };
		0CACA4AF289BCC9A005CDE4F /* ClassAndStructAddress.swift in Sources */ = {isa = PBXBuildFile; fileRef = 0CACA4AE289BCC9A005CDE4F /* ClassAndStructAddress.swift */; };
		0CACA4B8289BCE76005CDE4F /* StaticVsClass.swift in Sources */ = {isa = PBXBuildFile; fileRef = 0CACA4B7289BCE76005CDE4F /* StaticVsClass.swift */; };
		0CACA4BA289BCE81005CDE4F /* OsLog.swift in Sources */ = {isa = PBXBuildFile; fileRef = 0CACA4B9289BCE81005CDE4F /* OsLog.swift */; };
		0CACA4BC289BCE96005CDE4F /* WeakStrong.swift in Sources */ = {isa = PBXBuildFile; fileRef = 0CACA4BB289BCE96005CDE4F /* WeakStrong.swift */; };
		0CACA4C1289BCEA4005CDE4F /* SerialQueueAndConQueue.swift in Sources */ = {isa = PBXBuildFile; fileRef = 0CACA4BD289BCEA4005CDE4F /* SerialQueueAndConQueue.swift */; };
		0CACA4C2289BCEA4005CDE4F /* BlockOperation.swift in Sources */ = {isa = PBXBuildFile; fileRef = 0CACA4BE289BCEA4005CDE4F /* BlockOperation.swift */; };
		0CACA4C3289BCEA4005CDE4F /* DifaultMainQueue.swift in Sources */ = {isa = PBXBuildFile; fileRef = 0CACA4BF289BCEA4005CDE4F /* DifaultMainQueue.swift */; };
		0CACA4C4289BCEA4005CDE4F /* DispatchGroup.swift in Sources */ = {isa = PBXBuildFile; fileRef = 0CACA4C0289BCEA4005CDE4F /* DispatchGroup.swift */; };
		0CACA4C6289BCED3005CDE4F /* AsyncTask.swift in Sources */ = {isa = PBXBuildFile; fileRef = 0CACA4C5289BCED3005CDE4F /* AsyncTask.swift */; };
/* End PBXBuildFile section */

/* Begin PBXFileReference section */
		0CA8BD8F289BD3EB0015BB2B /* SetupGithub.strings */ = {isa = PBXFileReference; lastKnownFileType = text.plist.strings; path = SetupGithub.strings; sourceTree = "<group>"; };
		0CACA466289BC4FE005CDE4F /* InterViewPreparationTopics.app */ = {isa = PBXFileReference; explicitFileType = wrapper.application; includeInIndex = 0; path = InterViewPreparationTopics.app; sourceTree = BUILT_PRODUCTS_DIR; };
		0CACA469289BC4FE005CDE4F /* AppDelegate.swift */ = {isa = PBXFileReference; lastKnownFileType = sourcecode.swift; path = AppDelegate.swift; sourceTree = "<group>"; };
		0CACA46B289BC4FE005CDE4F /* SceneDelegate.swift */ = {isa = PBXFileReference; lastKnownFileType = sourcecode.swift; path = SceneDelegate.swift; sourceTree = "<group>"; };
		0CACA46D289BC4FE005CDE4F /* ViewController.swift */ = {isa = PBXFileReference; lastKnownFileType = sourcecode.swift; path = ViewController.swift; sourceTree = "<group>"; };
		0CACA470289BC4FE005CDE4F /* Base */ = {isa = PBXFileReference; lastKnownFileType = file.storyboard; name = Base; path = Base.lproj/Main.storyboard; sourceTree = "<group>"; };
		0CACA472289BC500005CDE4F /* Assets.xcassets */ = {isa = PBXFileReference; lastKnownFileType = folder.assetcatalog; path = Assets.xcassets; sourceTree = "<group>"; };
		0CACA475289BC500005CDE4F /* Base */ = {isa = PBXFileReference; lastKnownFileType = file.storyboard; name = Base; path = Base.lproj/LaunchScreen.storyboard; sourceTree = "<group>"; };
		0CACA477289BC500005CDE4F /* Info.plist */ = {isa = PBXFileReference; lastKnownFileType = text.plist.xml; path = Info.plist; sourceTree = "<group>"; };
		0CACA47E289BC526005CDE4F /* CheckLogsVC.swift */ = {isa = PBXFileReference; fileEncoding = 4; lastKnownFileType = sourcecode.swift; path = CheckLogsVC.swift; sourceTree = "<group>"; };
		0CACA481289BC54B005CDE4F /* CustomHigherOrderFunction.swift */ = {isa = PBXFileReference; fileEncoding = 4; lastKnownFileType = sourcecode.swift; path = CustomHigherOrderFunction.swift; sourceTree = "<group>"; };
		0CACA482289BC54B005CDE4F /* HigerOrderFunctions.swift */ = {isa = PBXFileReference; fileEncoding = 4; lastKnownFileType = sourcecode.swift; path = HigerOrderFunctions.swift; sourceTree = "<group>"; };
		0CACA486289BCB83005CDE4F /* CombineObserveVC.swift */ = {isa = PBXFileReference; fileEncoding = 4; lastKnownFileType = sourcecode.swift; path = CombineObserveVC.swift; sourceTree = "<group>"; };
		0CACA489289BCB8D005CDE4F /* CustomTextFieldController.swift */ = {isa = PBXFileReference; fileEncoding = 4; lastKnownFileType = sourcecode.swift; path = CustomTextFieldController.swift; sourceTree = "<group>"; };
		0CACA48A289BCB8D005CDE4F /* FirstResponderControl.swift */ = {isa = PBXFileReference; fileEncoding = 4; lastKnownFileType = sourcecode.swift; path = FirstResponderControl.swift; sourceTree = "<group>"; };
		0CACA48E289BCB95005CDE4F /* OwnView.swift */ = {isa = PBXFileReference; fileEncoding = 4; lastKnownFileType = sourcecode.swift; path = OwnView.swift; sourceTree = "<group>"; };
		0CACA48F289BCB95005CDE4F /* OwnView.xib */ = {isa = PBXFileReference; fileEncoding = 4; lastKnownFileType = file.xib; path = OwnView.xib; sourceTree = "<group>"; };
		0CACA496289BCC04005CDE4F /* ClosureSample.swift */ = {isa = PBXFileReference; fileEncoding = 4; lastKnownFileType = sourcecode.swift; path = ClosureSample.swift; sourceTree = "<group>"; };
		0CACA498289BCC0F005CDE4F /* ClosureForm.swift */ = {isa = PBXFileReference; fileEncoding = 4; lastKnownFileType = sourcecode.swift; path = ClosureForm.swift; sourceTree = "<group>"; };
		0CACA49A289BCC36005CDE4F /* InoutSwiftExample.swift */ = {isa = PBXFileReference; fileEncoding = 4; lastKnownFileType = sourcecode.swift; path = InoutSwiftExample.swift; sourceTree = "<group>"; };
		0CACA49C289BCC3E005CDE4F /* KVO_And_KVC.swift */ = {isa = PBXFileReference; fileEncoding = 4; lastKnownFileType = sourcecode.swift; path = KVO_And_KVC.swift; sourceTree = "<group>"; };
		0CACA49E289BCC56005CDE4F /* CodableEncodable.swift */ = {isa = PBXFileReference; fileEncoding = 4; lastKnownFileType = sourcecode.swift; path = CodableEncodable.swift; sourceTree = "<group>"; };
		0CACA4A0289BCC5D005CDE4F /* ManageTwoClassinSingle.swift */ = {isa = PBXFileReference; fileEncoding = 4; lastKnownFileType = sourcecode.swift; path = ManageTwoClassinSingle.swift; sourceTree = "<group>"; };
		0CACA4A2289BCC67005CDE4F /* SwiftDataStructure.swift */ = {isa = PBXFileReference; fileEncoding = 4; lastKnownFileType = sourcecode.swift; path = SwiftDataStructure.swift; sourceTree = "<group>"; };
		0CACA4A4289BCC6D005CDE4F /* KVOinStruct.swift */ = {isa = PBXFileReference; fileEncoding = 4; lastKnownFileType = sourcecode.swift; path = KVOinStruct.swift; sourceTree = "<group>"; };
		0CACA4A6289BCC73005CDE4F /* GenericConstraints.swift */ = {isa = PBXFileReference; fileEncoding = 4; lastKnownFileType = sourcecode.swift; path = GenericConstraints.swift; sourceTree = "<group>"; };
		0CACA4A8289BCC79005CDE4F /* DynamicMemberLookup.swift */ = {isa = PBXFileReference; fileEncoding = 4; lastKnownFileType = sourcecode.swift; path = DynamicMemberLookup.swift; sourceTree = "<group>"; };
		0CACA4AA289BCC7F005CDE4F /* ManageDifferentData.swift */ = {isa = PBXFileReference; fileEncoding = 4; lastKnownFileType = sourcecode.swift; path = ManageDifferentData.swift; sourceTree = "<group>"; };
		0CACA4AC289BCC94005CDE4F /* Designated_Convenience_Class.swift */ = {isa = PBXFileReference; fileEncoding = 4; lastKnownFileType = sourcecode.swift; path = Designated_Convenience_Class.swift; sourceTree = "<group>"; };
		0CACA4AE289BCC9A005CDE4F /* ClassAndStructAddress.swift */ = {isa = PBXFileReference; fileEncoding = 4; lastKnownFileType = sourcecode.swift; path = ClassAndStructAddress.swift; sourceTree = "<group>"; };
		0CACA4B7289BCE76005CDE4F /* StaticVsClass.swift */ = {isa = PBXFileReference; fileEncoding = 4; lastKnownFileType = sourcecode.swift; path = StaticVsClass.swift; sourceTree = "<group>"; };
		0CACA4B9289BCE81005CDE4F /* OsLog.swift */ = {isa = PBXFileReference; fileEncoding = 4; lastKnownFileType = sourcecode.swift; path = OsLog.swift; sourceTree = "<group>"; };
		0CACA4BB289BCE96005CDE4F /* WeakStrong.swift */ = {isa = PBXFileReference; fileEncoding = 4; lastKnownFileType = sourcecode.swift; path = WeakStrong.swift; sourceTree = "<group>"; };
		0CACA4BD289BCEA4005CDE4F /* SerialQueueAndConQueue.swift */ = {isa = PBXFileReference; fileEncoding = 4; lastKnownFileType = sourcecode.swift; path = SerialQueueAndConQueue.swift; sourceTree = "<group>"; };
		0CACA4BE289BCEA4005CDE4F /* BlockOperation.swift */ = {isa = PBXFileReference; fileEncoding = 4; lastKnownFileType = sourcecode.swift; path = BlockOperation.swift; sourceTree = "<group>"; };
		0CACA4BF289BCEA4005CDE4F /* DifaultMainQueue.swift */ = {isa = PBXFileReference; fileEncoding = 4; lastKnownFileType = sourcecode.swift; path = DifaultMainQueue.swift; sourceTree = "<group>"; };
		0CACA4C0289BCEA4005CDE4F /* DispatchGroup.swift */ = {isa = PBXFileReference; fileEncoding = 4; lastKnownFileType = sourcecode.swift; path = DispatchGroup.swift; sourceTree = "<group>"; };
		0CACA4C5289BCED3005CDE4F /* AsyncTask.swift */ = {isa = PBXFileReference; lastKnownFileType = sourcecode.swift; path = AsyncTask.swift; sourceTree = "<group>"; };
/* End PBXFileReference section */

/* Begin PBXFrameworksBuildPhase section */
		0CACA463289BC4FE005CDE4F /* Frameworks */ = {
			isa = PBXFrameworksBuildPhase;
			buildActionMask = 2147483647;
			files = (
			);
			runOnlyForDeploymentPostprocessing = 0;
		};
/* End PBXFrameworksBuildPhase section */

/* Begin PBXGroup section */
		0CA8BD8E289BD3C20015BB2B /* GitHub Setup */ = {
			isa = PBXGroup;
			children = (
				0CA8BD8F289BD3EB0015BB2B /* SetupGithub.strings */,
			);
			path = "GitHub Setup";
			sourceTree = "<group>";
		};
		0CACA45D289BC4FE005CDE4F = {
			isa = PBXGroup;
			children = (
				0CACA468289BC4FE005CDE4F /* InterViewPreparationTopics */,
				0CACA467289BC4FE005CDE4F /* Products */,
			);
			sourceTree = "<group>";
		};
		0CACA467289BC4FE005CDE4F /* Products */ = {
			isa = PBXGroup;
			children = (
				0CACA466289BC4FE005CDE4F /* InterViewPreparationTopics.app */,
			);
			name = Products;
			sourceTree = "<group>";
		};
		0CACA468289BC4FE005CDE4F /* InterViewPreparationTopics */ = {
			isa = PBXGroup;
			children = (
				0CA8BD8E289BD3C20015BB2B /* GitHub Setup */,
				0CACA4B6289BCE61005CDE4F /* Thread */,
				0CACA4B5289BCD40005CDE4F /* Consttraints */,
				0CACA4B4289BCD32005CDE4F /* DataStructure */,
				0CACA4B3289BCD13005CDE4F /* Protocol */,
				0CACA4B2289BCCFF005CDE4F /* KVO */,
				0CACA4B1289BCCEC005CDE4F /* Codable */,
				0CACA4B0289BCCC4005CDE4F /* Class & Structure */,
				0CACA495289BCBF4005CDE4F /* Closure */,
				0CACA492289BCB9D005CDE4F /* Extension */,
				0CACA48D289BCB95005CDE4F /* Custom TableView */,
				0CACA488289BCB8D005CDE4F /* Custom TextField */,
				0CACA485289BCB83005CDE4F /* Combine */,
				0CACA480289BC52D005CDE4F /* Higher Order Functions */,
				0CACA47D289BC50E005CDE4F /* Logs Related Topics */,
				0CACA469289BC4FE005CDE4F /* AppDelegate.swift */,
				0CACA4A8289BCC79005CDE4F /* DynamicMemberLookup.swift */,
				0CACA4BB289BCE96005CDE4F /* WeakStrong.swift */,
				0CACA46B289BC4FE005CDE4F /* SceneDelegate.swift */,
				0CACA46D289BC4FE005CDE4F /* ViewController.swift */,
				0CACA46F289BC4FE005CDE4F /* Main.storyboard */,
				0CACA472289BC500005CDE4F /* Assets.xcassets */,
				0CACA474289BC500005CDE4F /* LaunchScreen.storyboard */,
				0CACA477289BC500005CDE4F /* Info.plist */,
			);
			path = InterViewPreparationTopics;
			sourceTree = "<group>";
		};
		0CACA47D289BC50E005CDE4F /* Logs Related Topics */ = {
			isa = PBXGroup;
			children = (
				0CACA4B9289BCE81005CDE4F /* OsLog.swift */,
				0CACA47E289BC526005CDE4F /* CheckLogsVC.swift */,
			);
			path = "Logs Related Topics";
			sourceTree = "<group>";
		};
		0CACA480289BC52D005CDE4F /* Higher Order Functions */ = {
			isa = PBXGroup;
			children = (
				0CACA481289BC54B005CDE4F /* CustomHigherOrderFunction.swift */,
				0CACA482289BC54B005CDE4F /* HigerOrderFunctions.swift */,
			);
			path = "Higher Order Functions";
			sourceTree = "<group>";
		};
		0CACA485289BCB83005CDE4F /* Combine */ = {
			isa = PBXGroup;
			children = (
				0CACA486289BCB83005CDE4F /* CombineObserveVC.swift */,
			);
			path = Combine;
			sourceTree = "<group>";
		};
		0CACA488289BCB8D005CDE4F /* Custom TextField */ = {
			isa = PBXGroup;
			children = (
				0CACA489289BCB8D005CDE4F /* CustomTextFieldController.swift */,
				0CACA48A289BCB8D005CDE4F /* FirstResponderControl.swift */,
			);
			path = "Custom TextField";
			sourceTree = "<group>";
		};
		0CACA48D289BCB95005CDE4F /* Custom TableView */ = {
			isa = PBXGroup;
			children = (
				0CACA48E289BCB95005CDE4F /* OwnView.swift */,
				0CACA48F289BCB95005CDE4F /* OwnView.xib */,
			);
			path = "Custom TableView";
			sourceTree = "<group>";
		};
		0CACA492289BCB9D005CDE4F /* Extension */ = {
			isa = PBXGroup;
			children = (
			);
			path = Extension;
			sourceTree = "<group>";
		};
		0CACA495289BCBF4005CDE4F /* Closure */ = {
			isa = PBXGroup;
			children = (
				0CACA498289BCC0F005CDE4F /* ClosureForm.swift */,
				0CACA496289BCC04005CDE4F /* ClosureSample.swift */,
			);
			path = Closure;
			sourceTree = "<group>";
		};
		0CACA4B0289BCCC4005CDE4F /* Class & Structure */ = {
			isa = PBXGroup;
			children = (
				0CACA4B7289BCE76005CDE4F /* StaticVsClass.swift */,
				0CACA49A289BCC36005CDE4F /* InoutSwiftExample.swift */,
				0CACA4AC289BCC94005CDE4F /* Designated_Convenience_Class.swift */,
				0CACA4AE289BCC9A005CDE4F /* ClassAndStructAddress.swift */,
			);
			path = "Class & Structure";
			sourceTree = "<group>";
		};
		0CACA4B1289BCCEC005CDE4F /* Codable */ = {
			isa = PBXGroup;
			children = (
				0CACA49E289BCC56005CDE4F /* CodableEncodable.swift */,
			);
			path = Codable;
			sourceTree = "<group>";
		};
		0CACA4B2289BCCFF005CDE4F /* KVO */ = {
			isa = PBXGroup;
			children = (
				0CACA4A4289BCC6D005CDE4F /* KVOinStruct.swift */,
				0CACA49C289BCC3E005CDE4F /* KVO_And_KVC.swift */,
			);
			path = KVO;
			sourceTree = "<group>";
		};
		0CACA4B3289BCD13005CDE4F /* Protocol */ = {
			isa = PBXGroup;
			children = (
				0CACA4AA289BCC7F005CDE4F /* ManageDifferentData.swift */,
				0CACA4A0289BCC5D005CDE4F /* ManageTwoClassinSingle.swift */,
			);
			path = Protocol;
			sourceTree = "<group>";
		};
		0CACA4B4289BCD32005CDE4F /* DataStructure */ = {
			isa = PBXGroup;
			children = (
				0CACA4A2289BCC67005CDE4F /* SwiftDataStructure.swift */,
			);
			path = DataStructure;
			sourceTree = "<group>";
		};
		0CACA4B5289BCD40005CDE4F /* Consttraints */ = {
			isa = PBXGroup;
			children = (
				0CACA4A6289BCC73005CDE4F /* GenericConstraints.swift */,
			);
			path = Consttraints;
			sourceTree = "<group>";
		};
		0CACA4B6289BCE61005CDE4F /* Thread */ = {
			isa = PBXGroup;
			children = (
				0CACA4BE289BCEA4005CDE4F /* BlockOperation.swift */,
				0CACA4BF289BCEA4005CDE4F /* DifaultMainQueue.swift */,
				0CACA4C0289BCEA4005CDE4F /* DispatchGroup.swift */,
				0CACA4BD289BCEA4005CDE4F /* SerialQueueAndConQueue.swift */,
				0CACA4C5289BCED3005CDE4F /* AsyncTask.swift */,
			);
			path = Thread;
			sourceTree = "<group>";
		};
/* End PBXGroup section */

/* Begin PBXNativeTarget section */
		0CACA465289BC4FE005CDE4F /* InterViewPreparationTopics */ = {
			isa = PBXNativeTarget;
			buildConfigurationList = 0CACA47A289BC500005CDE4F /* Build configuration list for PBXNativeTarget "InterViewPreparationTopics" */;
			buildPhases = (
				0CACA462289BC4FE005CDE4F /* Sources */,
				0CACA463289BC4FE005CDE4F /* Frameworks */,
				0CACA464289BC4FE005CDE4F /* Resources */,
			);
			buildRules = (
			);
			dependencies = (
			);
			name = InterViewPreparationTopics;
			productName = InterViewPreparationTopics;
			productReference = 0CACA466289BC4FE005CDE4F /* InterViewPreparationTopics.app */;
			productType = "com.apple.product-type.application";
		};
/* End PBXNativeTarget section */

/* Begin PBXProject section */
		0CACA45E289BC4FE005CDE4F /* Project object */ = {
			isa = PBXProject;
			attributes = {
				BuildIndependentTargetsInParallel = 1;
				LastSwiftUpdateCheck = 1330;
				LastUpgradeCheck = 1330;
				TargetAttributes = {
					0CACA465289BC4FE005CDE4F = {
						CreatedOnToolsVersion = 13.3.1;
					};
				};
			};
			buildConfigurationList = 0CACA461289BC4FE005CDE4F /* Build configuration list for PBXProject "InterViewPreparationTopics" */;
			compatibilityVersion = "Xcode 13.0";
			developmentRegion = en;
			hasScannedForEncodings = 0;
			knownRegions = (
				en,
				Base,
			);
			mainGroup = 0CACA45D289BC4FE005CDE4F;
			productRefGroup = 0CACA467289BC4FE005CDE4F /* Products */;
			projectDirPath = "";
			projectRoot = "";
			targets = (
				0CACA465289BC4FE005CDE4F /* InterViewPreparationTopics */,
			);
		};
/* End PBXProject section */

/* Begin PBXResourcesBuildPhase section */
		0CACA464289BC4FE005CDE4F /* Resources */ = {
			isa = PBXResourcesBuildPhase;
			buildActionMask = 2147483647;
			files = (
				0CA8BD90289BD3EB0015BB2B /* SetupGithub.strings in Resources */,
				0CACA476289BC500005CDE4F /* LaunchScreen.storyboard in Resources */,
				0CACA473289BC500005CDE4F /* Assets.xcassets in Resources */,
				0CACA471289BC4FE005CDE4F /* Main.storyboard in Resources */,
				0CACA491289BCB95005CDE4F /* OwnView.xib in Resources */,
			);
			runOnlyForDeploymentPostprocessing = 0;
		};
/* End PBXResourcesBuildPhase section */

/* Begin PBXSourcesBuildPhase section */
		0CACA462289BC4FE005CDE4F /* Sources */ = {
			isa = PBXSourcesBuildPhase;
			buildActionMask = 2147483647;
			files = (
				0CACA4C1289BCEA4005CDE4F /* SerialQueueAndConQueue.swift in Sources */,
				0CACA4A7289BCC73005CDE4F /* GenericConstraints.swift in Sources */,
				0CACA4C2289BCEA4005CDE4F /* BlockOperation.swift in Sources */,
				0CACA49D289BCC3E005CDE4F /* KVO_And_KVC.swift in Sources */,
				0CACA4A5289BCC6D005CDE4F /* KVOinStruct.swift in Sources */,
				0CACA49B289BCC36005CDE4F /* InoutSwiftExample.swift in Sources */,
				0CACA484289BC54B005CDE4F /* HigerOrderFunctions.swift in Sources */,
				0CACA4BC289BCE96005CDE4F /* WeakStrong.swift in Sources */,
				0CACA497289BCC04005CDE4F /* ClosureSample.swift in Sources */,
				0CACA483289BC54B005CDE4F /* CustomHigherOrderFunction.swift in Sources */,
				0CACA4A3289BCC67005CDE4F /* SwiftDataStructure.swift in Sources */,
				0CACA4AB289BCC7F005CDE4F /* ManageDifferentData.swift in Sources */,
				0CACA48B289BCB8D005CDE4F /* CustomTextFieldController.swift in Sources */,
				0CACA4AF289BCC9A005CDE4F /* ClassAndStructAddress.swift in Sources */,
				0CACA47F289BC526005CDE4F /* CheckLogsVC.swift in Sources */,
				0CACA4C3289BCEA4005CDE4F /* DifaultMainQueue.swift in Sources */,
				0CACA49F289BCC56005CDE4F /* CodableEncodable.swift in Sources */,
				0CACA4BA289BCE81005CDE4F /* OsLog.swift in Sources */,
				0CACA4B8289BCE76005CDE4F /* StaticVsClass.swift in Sources */,
				0CACA4AD289BCC94005CDE4F /* Designated_Convenience_Class.swift in Sources */,
				0CACA48C289BCB8D005CDE4F /* FirstResponderControl.swift in Sources */,
				0CACA4A9289BCC79005CDE4F /* DynamicMemberLookup.swift in Sources */,
				0CACA487289BCB83005CDE4F /* CombineObserveVC.swift in Sources */,
				0CACA499289BCC10005CDE4F /* ClosureForm.swift in Sources */,
				0CACA4C4289BCEA4005CDE4F /* DispatchGroup.swift in Sources */,
				0CACA46E289BC4FE005CDE4F /* ViewController.swift in Sources */,
				0CACA4C6289BCED3005CDE4F /* AsyncTask.swift in Sources */,
				0CACA490289BCB95005CDE4F /* OwnView.swift in Sources */,
				0CACA46A289BC4FE005CDE4F /* AppDelegate.swift in Sources */,
				0CACA46C289BC4FE005CDE4F /* SceneDelegate.swift in Sources */,
				0CACA4A1289BCC5D005CDE4F /* ManageTwoClassinSingle.swift in Sources */,
			);
			runOnlyForDeploymentPostprocessing = 0;
		};
/* End PBXSourcesBuildPhase section */

/* Begin PBXVariantGroup section */
		0CACA46F289BC4FE005CDE4F /* Main.storyboard */ = {
			isa = PBXVariantGroup;
			children = (
				0CACA470289BC4FE005CDE4F /* Base */,
			);
			name = Main.storyboard;
			sourceTree = "<group>";
		};
		0CACA474289BC500005CDE4F /* LaunchScreen.storyboard */ = {
			isa = PBXVariantGroup;
			children = (
				0CACA475289BC500005CDE4F /* Base */,
			);
			name = LaunchScreen.storyboard;
			sourceTree = "<group>";
		};
/* End PBXVariantGroup section */

/* Begin XCBuildConfiguration section */
		0CACA478289BC500005CDE4F /* Debug */ = {
			isa = XCBuildConfiguration;
			buildSettings = {
				ALWAYS_SEARCH_USER_PATHS = NO;
				CLANG_ANALYZER_NONNULL = YES;
				CLANG_ANALYZER_NUMBER_OBJECT_CONVERSION = YES_AGGRESSIVE;
				CLANG_CXX_LANGUAGE_STANDARD = "gnu++17";
				CLANG_ENABLE_MODULES = YES;
				CLANG_ENABLE_OBJC_ARC = YES;
				CLANG_ENABLE_OBJC_WEAK = YES;
				CLANG_WARN_BLOCK_CAPTURE_AUTORELEASING = YES;
				CLANG_WARN_BOOL_CONVERSION = YES;
				CLANG_WARN_COMMA = YES;
				CLANG_WARN_CONSTANT_CONVERSION = YES;
				CLANG_WARN_DEPRECATED_OBJC_IMPLEMENTATIONS = YES;
				CLANG_WARN_DIRECT_OBJC_ISA_USAGE = YES_ERROR;
				CLANG_WARN_DOCUMENTATION_COMMENTS = YES;
				CLANG_WARN_EMPTY_BODY = YES;
				CLANG_WARN_ENUM_CONVERSION = YES;
				CLANG_WARN_INFINITE_RECURSION = YES;
				CLANG_WARN_INT_CONVERSION = YES;
				CLANG_WARN_NON_LITERAL_NULL_CONVERSION = YES;
				CLANG_WARN_OBJC_IMPLICIT_RETAIN_SELF = YES;
				CLANG_WARN_OBJC_LITERAL_CONVERSION = YES;
				CLANG_WARN_OBJC_ROOT_CLASS = YES_ERROR;
				CLANG_WARN_QUOTED_INCLUDE_IN_FRAMEWORK_HEADER = YES;
				CLANG_WARN_RANGE_LOOP_ANALYSIS = YES;
				CLANG_WARN_STRICT_PROTOTYPES = YES;
				CLANG_WARN_SUSPICIOUS_MOVE = YES;
				CLANG_WARN_UNGUARDED_AVAILABILITY = YES_AGGRESSIVE;
				CLANG_WARN_UNREACHABLE_CODE = YES;
				CLANG_WARN__DUPLICATE_METHOD_MATCH = YES;
				COPY_PHASE_STRIP = NO;
				DEBUG_INFORMATION_FORMAT = dwarf;
				ENABLE_STRICT_OBJC_MSGSEND = YES;
				ENABLE_TESTABILITY = YES;
				GCC_C_LANGUAGE_STANDARD = gnu11;
				GCC_DYNAMIC_NO_PIC = NO;
				GCC_NO_COMMON_BLOCKS = YES;
				GCC_OPTIMIZATION_LEVEL = 0;
				GCC_PREPROCESSOR_DEFINITIONS = (
					"DEBUG=1",
					"$(inherited)",
				);
				GCC_WARN_64_TO_32_BIT_CONVERSION = YES;
				GCC_WARN_ABOUT_RETURN_TYPE = YES_ERROR;
				GCC_WARN_UNDECLARED_SELECTOR = YES;
				GCC_WARN_UNINITIALIZED_AUTOS = YES_AGGRESSIVE;
				GCC_WARN_UNUSED_FUNCTION = YES;
				GCC_WARN_UNUSED_VARIABLE = YES;
				IPHONEOS_DEPLOYMENT_TARGET = 15.4;
				MTL_ENABLE_DEBUG_INFO = INCLUDE_SOURCE;
				MTL_FAST_MATH = YES;
				ONLY_ACTIVE_ARCH = YES;
				SDKROOT = iphoneos;
				SWIFT_ACTIVE_COMPILATION_CONDITIONS = DEBUG;
				SWIFT_OPTIMIZATION_LEVEL = "-Onone";
			};
			name = Debug;
		};
		0CACA479289BC500005CDE4F /* Release */ = {
			isa = XCBuildConfiguration;
			buildSettings = {
				ALWAYS_SEARCH_USER_PATHS = NO;
				CLANG_ANALYZER_NONNULL = YES;
				CLANG_ANALYZER_NUMBER_OBJECT_CONVERSION = YES_AGGRESSIVE;
				CLANG_CXX_LANGUAGE_STANDARD = "gnu++17";
				CLANG_ENABLE_MODULES = YES;
				CLANG_ENABLE_OBJC_ARC = YES;
				CLANG_ENABLE_OBJC_WEAK = YES;
				CLANG_WARN_BLOCK_CAPTURE_AUTORELEASING = YES;
				CLANG_WARN_BOOL_CONVERSION = YES;
				CLANG_WARN_COMMA = YES;
				CLANG_WARN_CONSTANT_CONVERSION = YES;
				CLANG_WARN_DEPRECATED_OBJC_IMPLEMENTATIONS = YES;
				CLANG_WARN_DIRECT_OBJC_ISA_USAGE = YES_ERROR;
				CLANG_WARN_DOCUMENTATION_COMMENTS = YES;
				CLANG_WARN_EMPTY_BODY = YES;
				CLANG_WARN_ENUM_CONVERSION = YES;
				CLANG_WARN_INFINITE_RECURSION = YES;
				CLANG_WARN_INT_CONVERSION = YES;
				CLANG_WARN_NON_LITERAL_NULL_CONVERSION = YES;
				CLANG_WARN_OBJC_IMPLICIT_RETAIN_SELF = YES;
				CLANG_WARN_OBJC_LITERAL_CONVERSION = YES;
				CLANG_WARN_OBJC_ROOT_CLASS = YES_ERROR;
				CLANG_WARN_QUOTED_INCLUDE_IN_FRAMEWORK_HEADER = YES;
				CLANG_WARN_RANGE_LOOP_ANALYSIS = YES;
				CLANG_WARN_STRICT_PROTOTYPES = YES;
				CLANG_WARN_SUSPICIOUS_MOVE = YES;
				CLANG_WARN_UNGUARDED_AVAILABILITY = YES_AGGRESSIVE;
				CLANG_WARN_UNREACHABLE_CODE = YES;
				CLANG_WARN__DUPLICATE_METHOD_MATCH = YES;
				COPY_PHASE_STRIP = NO;
				DEBUG_INFORMATION_FORMAT = "dwarf-with-dsym";
				ENABLE_NS_ASSERTIONS = NO;
				ENABLE_STRICT_OBJC_MSGSEND = YES;
				GCC_C_LANGUAGE_STANDARD = gnu11;
				GCC_NO_COMMON_BLOCKS = YES;
				GCC_WARN_64_TO_32_BIT_CONVERSION = YES;
				GCC_WARN_ABOUT_RETURN_TYPE = YES_ERROR;
				GCC_WARN_UNDECLARED_SELECTOR = YES;
				GCC_WARN_UNINITIALIZED_AUTOS = YES_AGGRESSIVE;
				GCC_WARN_UNUSED_FUNCTION = YES;
				GCC_WARN_UNUSED_VARIABLE = YES;
				IPHONEOS_DEPLOYMENT_TARGET = 15.4;
				MTL_ENABLE_DEBUG_INFO = NO;
				MTL_FAST_MATH = YES;
				SDKROOT = iphoneos;
				SWIFT_COMPILATION_MODE = wholemodule;
				SWIFT_OPTIMIZATION_LEVEL = "-O";
				VALIDATE_PRODUCT = YES;
			};
			name = Release;
		};
		0CACA47B289BC500005CDE4F /* Debug */ = {
			isa = XCBuildConfiguration;
			buildSettings = {
				ASSETCATALOG_COMPILER_APPICON_NAME = AppIcon;
				ASSETCATALOG_COMPILER_GLOBAL_ACCENT_COLOR_NAME = AccentColor;
				CODE_SIGN_STYLE = Automatic;
				CURRENT_PROJECT_VERSION = 1;
				GENERATE_INFOPLIST_FILE = YES;
				INFOPLIST_FILE = InterViewPreparationTopics/Info.plist;
				INFOPLIST_KEY_UIApplicationSupportsIndirectInputEvents = YES;
				INFOPLIST_KEY_UILaunchStoryboardName = LaunchScreen;
				INFOPLIST_KEY_UIMainStoryboardFile = Main;
				INFOPLIST_KEY_UISupportedInterfaceOrientations_iPad = "UIInterfaceOrientationPortrait UIInterfaceOrientationPortraitUpsideDown UIInterfaceOrientationLandscapeLeft UIInterfaceOrientationLandscapeRight";
				INFOPLIST_KEY_UISupportedInterfaceOrientations_iPhone = "UIInterfaceOrientationPortrait UIInterfaceOrientationLandscapeLeft UIInterfaceOrientationLandscapeRight";
				LD_RUNPATH_SEARCH_PATHS = (
					"$(inherited)",
					"@executable_path/Frameworks",
				);
				MARKETING_VERSION = 1.0;
				PRODUCT_BUNDLE_IDENTIFIER = com.ios.InterViewPreparationTopics;
				PRODUCT_NAME = "$(TARGET_NAME)";
				SWIFT_EMIT_LOC_STRINGS = YES;
				SWIFT_VERSION = 5.0;
				TARGETED_DEVICE_FAMILY = "1,2";
			};
			name = Debug;
		};
		0CACA47C289BC500005CDE4F /* Release */ = {
			isa = XCBuildConfiguration;
			buildSettings = {
				ASSETCATALOG_COMPILER_APPICON_NAME = AppIcon;
				ASSETCATALOG_COMPILER_GLOBAL_ACCENT_COLOR_NAME = AccentColor;
				CODE_SIGN_STYLE = Automatic;
				CURRENT_PROJECT_VERSION = 1;
				GENERATE_INFOPLIST_FILE = YES;
				INFOPLIST_FILE = InterViewPreparationTopics/Info.plist;
				INFOPLIST_KEY_UIApplicationSupportsIndirectInputEvents = YES;
				INFOPLIST_KEY_UILaunchStoryboardName = LaunchScreen;
				INFOPLIST_KEY_UIMainStoryboardFile = Main;
				INFOPLIST_KEY_UISupportedInterfaceOrientations_iPad = "UIInterfaceOrientationPortrait UIInterfaceOrientationPortraitUpsideDown UIInterfaceOrientationLandscapeLeft UIInterfaceOrientationLandscapeRight";
				INFOPLIST_KEY_UISupportedInterfaceOrientations_iPhone = "UIInterfaceOrientationPortrait UIInterfaceOrientationLandscapeLeft UIInterfaceOrientationLandscapeRight";
				LD_RUNPATH_SEARCH_PATHS = (
					"$(inherited)",
					"@executable_path/Frameworks",
				);
				MARKETING_VERSION = 1.0;
				PRODUCT_BUNDLE_IDENTIFIER = com.ios.InterViewPreparationTopics;
				PRODUCT_NAME = "$(TARGET_NAME)";
				SWIFT_EMIT_LOC_STRINGS = YES;
				SWIFT_VERSION = 5.0;
				TARGETED_DEVICE_FAMILY = "1,2";
			};
			name = Release;
		};
/* End XCBuildConfiguration section */

/* Begin XCConfigurationList section */
		0CACA461289BC4FE005CDE4F /* Build configuration list for PBXProject "InterViewPreparationTopics" */ = {
			isa = XCConfigurationList;
			buildConfigurations = (
				0CACA478289BC500005CDE4F /* Debug */,
				0CACA479289BC500005CDE4F /* Release */,
			);
			defaultConfigurationIsVisible = 0;
			defaultConfigurationName = Release;
		};
		0CACA47A289BC500005CDE4F /* Build configuration list for PBXNativeTarget "InterViewPreparationTopics" */ = {
			isa = XCConfigurationList;
			buildConfigurations = (
				0CACA47B289BC500005CDE4F /* Debug */,
				0CACA47C289BC500005CDE4F /* Release */,
			);
			defaultConfigurationIsVisible = 0;
			defaultConfigurationName = Release;
		};
/* End XCConfigurationList section */
	};
	rootObject = 0CACA45E289BC4FE005CDE4F /* Project object */;
}
